{
    "_meta": {
        "hash": {
            "sha256": "92d9a99b597c5b808e23e758281c25a727183894410924feaee7d8c43e7848ab"
        },
        "pipfile-spec": 6,
        "requires": {},
        "sources": [
            {
                "name": "pypi",
                "url": "https://pypi.python.org/simple",
                "verify_ssl": true
            }
        ]
    },
    "default": {
        "alabaster": {
            "hashes": [
                "sha256:446438bdcca0e05bd45ea2de1668c1d9b032e1a9154c2c259092d77031ddd359",
                "sha256:a661d72d58e6ea8a57f7a86e37d86716863ee5e92788398526d58b26a4e4dc02"
            ],
            "version": "==0.7.12"
        },
        "apipkg": {
            "hashes": [
                "sha256:37228cda29411948b422fae072f57e31d3396d2ee1c9783775980ee9c9990af6",
                "sha256:58587dd4dc3daefad0487f6d9ae32b4542b185e1c36db6993290e7c41ca2b47c"
            ],
            "version": "==1.5"
        },
        "appdirs": {
            "hashes": [
                "sha256:7d5d0167b2b1ba821647616af46a749d1c653740dd0d2415100fe26e27afdf41",
                "sha256:a841dacd6b99318a741b166adb07e19ee71a274450e68237b4650ca1055ab128"
            ],
            "version": "==1.4.4"
        },
        "attrs": {
            "hashes": [
                "sha256:26b54ddbbb9ee1d34d5d3668dd37d6cf74990ab23c828c2888dccdceee395594",
                "sha256:fce7fc47dfc976152e82d53ff92fa0407700c21acd20886a13777a0d20e655dc"
            ],
            "version": "==20.2.0"
        },
        "babel": {
            "hashes": [
                "sha256:1aac2ae2d0d8ea368fa90906567f5c08463d98ade155c0c4bfedd6a0f7160e38",
                "sha256:d670ea0b10f8b723672d3a6abeb87b565b244da220d76b4dba1b66269ec152d4"
            ],
            "version": "==2.8.0"
        },
        "brotli": {
            "hashes": [
                "sha256:160c78292e98d21e73a4cc7f76a234390e516afcd982fa17e1422f7c6a9ce9c8",
                "sha256:16d528a45c2e1909c2798f27f7bf0a3feec1dc9e50948e738b961618e38b6a7b",
                "sha256:1c48472a6ba3b113452355b9af0a60da5c2ae60477f8feda8346f8fd48e3e87c",
                "sha256:268fe94547ba25b58ebc724680609c8ee3e5a843202e9a381f6f9c5e8bdb5c70",
                "sha256:269a5743a393c65db46a7bb982644c67ecba4b8d91b392403ad8a861ba6f495f",
                "sha256:35a3edbe18e876e596553c4007a087f8bcfd538f19bc116917b3c7522fca0429",
                "sha256:3b78a24b5fd13c03ee2b7b86290ed20efdc95da75a3557cc06811764d5ad1126",
                "sha256:40d15c79f42e0a2c72892bf407979febd9cf91f36f495ffb333d1d04cebb34e4",
                "sha256:4d1b810aa0ed773f81dceda2cc7b403d01057458730e309856356d4ef4188438",
                "sha256:503fa6af7da9f4b5780bb7e4cbe0c639b010f12be85d02c99452825dd0feef3f",
                "sha256:56d027eace784738457437df7331965473f2c0da2c70e1a1f6fdbae5402e0389",
                "sha256:5913a1177fc36e30fcf6dc868ce23b0453952c78c04c266d3149b3d39e1410d6",
                "sha256:5b6ef7d9f9c38292df3690fe3e302b5b530999fa90014853dcd0d6902fb59f26",
                "sha256:5cb1e18167792d7d21e21365d7650b72d5081ed476123ff7b8cac7f45189c0c7",
                "sha256:61a7ee1f13ab913897dac7da44a73c6d44d48a4adff42a5701e3239791c96e14",
                "sha256:68715970f16b6e92c574c30747c95cf8cf62804569647386ff032195dc89a430",
                "sha256:6b2ae9f5f67f89aade1fab0f7fd8f2832501311c363a21579d02defa844d9296",
                "sha256:6c772d6c0a79ac0f414a9f8947cc407e119b8598de7621f39cacadae3cf57d12",
                "sha256:7cb81373984cc0e4682f31bc3d6be9026006d96eecd07ea49aafb06897746452",
                "sha256:88c63a1b55f352b02c6ffd24b15ead9fc0e8bf781dbe070213039324922a2eea",
                "sha256:93130612b837103e15ac3f9cbacb4613f9e348b58b3aad53721d92e57f96d46a",
                "sha256:97f715cf371b16ac88b8c19da00029804e20e25f30d80203417255d239f228b5",
                "sha256:9d12cf2851759b8de8ca5fde36a59c08210a97ffca0eb94c532ce7b17c6a3d1d",
                "sha256:afde17ae04d90fbe53afb628f7f2d4ca022797aa093e809de5c3cf276f61bbfa",
                "sha256:b663f1e02de5d0573610756398e44c130add0eb9a3fc912a09665332942a2efb",
                "sha256:c2415d9d082152460f2bd4e382a1e85aed233abc92db5a3880da2257dc7daf7b",
                "sha256:c83aa123d56f2e060644427a882a36b3c12db93727ad7a7b9efd7d7f3e9cc2c4",
                "sha256:db844eb158a87ccab83e868a762ea8024ae27337fc7ddcbfcddd157f841fdfe7",
                "sha256:defed7ea5f218a9f2336301e6fd379f55c655bea65ba2476346340a0ce6f74a1",
                "sha256:f909bbbc433048b499cb9db9e713b5d8d949e8c109a2a548502fb9aa8630f0b1"
            ],
            "index": "pypi",
            "version": "==1.0.9"
        },
        "certifi": {
            "hashes": [
                "sha256:5930595817496dd21bb8dc35dad090f1c2cd0adfaf21204bf6732ca5d8ee34d3",
                "sha256:8fc0819f1f30ba15bdb34cceffb9ef04d99f420f68eb75d901e9560b8749fc41"
            ],
            "version": "==2020.6.20"
        },
        "chardet": {
            "hashes": [
                "sha256:84ab92ed1c4d4f16916e05906b6b75a6c0fb5db821cc65e70cbd64a3e2a5eaae",
                "sha256:fc323ffcaeaed0e0a02bf4d117757b98aed530d9ed4531e3e15460124c106691"
            ],
            "version": "==3.0.4"
        },
        "coverage": {
            "hashes": [
                "sha256:0203acd33d2298e19b57451ebb0bed0ab0c602e5cf5a818591b4918b1f97d516",
                "sha256:0f313707cdecd5cd3e217fc68c78a960b616604b559e9ea60cc16795c4304259",
                "sha256:1c6703094c81fa55b816f5ae542c6ffc625fec769f22b053adb42ad712d086c9",
                "sha256:1d44bb3a652fed01f1f2c10d5477956116e9b391320c94d36c6bf13b088a1097",
                "sha256:280baa8ec489c4f542f8940f9c4c2181f0306a8ee1a54eceba071a449fb870a0",
                "sha256:29a6272fec10623fcbe158fdf9abc7a5fa032048ac1d8631f14b50fbfc10d17f",
                "sha256:2b31f46bf7b31e6aa690d4c7a3d51bb262438c6dcb0d528adde446531d0d3bb7",
                "sha256:2d43af2be93ffbad25dd959899b5b809618a496926146ce98ee0b23683f8c51c",
                "sha256:381ead10b9b9af5f64646cd27107fb27b614ee7040bb1226f9c07ba96625cbb5",
                "sha256:47a11bdbd8ada9b7ee628596f9d97fbd3851bd9999d398e9436bd67376dbece7",
                "sha256:4d6a42744139a7fa5b46a264874a781e8694bb32f1d76d8137b68138686f1729",
                "sha256:50691e744714856f03a86df3e2bff847c2acede4c191f9a1da38f088df342978",
                "sha256:530cc8aaf11cc2ac7430f3614b04645662ef20c348dce4167c22d99bec3480e9",
                "sha256:582ddfbe712025448206a5bc45855d16c2e491c2dd102ee9a2841418ac1c629f",
                "sha256:63808c30b41f3bbf65e29f7280bf793c79f54fb807057de7e5238ffc7cc4d7b9",
                "sha256:71b69bd716698fa62cd97137d6f2fdf49f534decb23a2c6fc80813e8b7be6822",
                "sha256:7858847f2d84bf6e64c7f66498e851c54de8ea06a6f96a32a1d192d846734418",
                "sha256:78e93cc3571fd928a39c0b26767c986188a4118edc67bc0695bc7a284da22e82",
                "sha256:7f43286f13d91a34fadf61ae252a51a130223c52bfefb50310d5b2deb062cf0f",
                "sha256:86e9f8cd4b0cdd57b4ae71a9c186717daa4c5a99f3238a8723f416256e0b064d",
                "sha256:8f264ba2701b8c9f815b272ad568d555ef98dfe1576802ab3149c3629a9f2221",
                "sha256:9342dd70a1e151684727c9c91ea003b2fb33523bf19385d4554f7897ca0141d4",
                "sha256:9361de40701666b034c59ad9e317bae95c973b9ff92513dd0eced11c6adf2e21",
                "sha256:9669179786254a2e7e57f0ecf224e978471491d660aaca833f845b72a2df3709",
                "sha256:aac1ba0a253e17889550ddb1b60a2063f7474155465577caa2a3b131224cfd54",
                "sha256:aef72eae10b5e3116bac6957de1df4d75909fc76d1499a53fb6387434b6bcd8d",
                "sha256:bd3166bb3b111e76a4f8e2980fa1addf2920a4ca9b2b8ca36a3bc3dedc618270",
                "sha256:c1b78fb9700fc961f53386ad2fd86d87091e06ede5d118b8a50dea285a071c24",
                "sha256:c3888a051226e676e383de03bf49eb633cd39fc829516e5334e69b8d81aae751",
                "sha256:c5f17ad25d2c1286436761b462e22b5020d83316f8e8fcb5deb2b3151f8f1d3a",
                "sha256:c851b35fc078389bc16b915a0a7c1d5923e12e2c5aeec58c52f4aa8085ac8237",
                "sha256:cb7df71de0af56000115eafd000b867d1261f786b5eebd88a0ca6360cccfaca7",
                "sha256:cedb2f9e1f990918ea061f28a0f0077a07702e3819602d3507e2ff98c8d20636",
                "sha256:e8caf961e1b1a945db76f1b5fa9c91498d15f545ac0ababbe575cfab185d3bd8"
            ],
            "version": "==5.3"
        },
        "coveralls": {
            "hashes": [
                "sha256:4430b862baabb3cf090d36d84d331966615e4288d8a8c5957e0fd456d0dd8bd6",
                "sha256:b3b60c17b03a0dee61952a91aed6f131e0b2ac8bd5da909389c53137811409e1"
            ],
            "index": "pypi",
            "version": "==2.1.2"
        },
        "dateparser": {
            "hashes": [
                "sha256:7552c994f893b5cb8fcf103b4cd2ff7f57aab9bfd2619fdf0cf571c0740fd90b",
                "sha256:e875efd8c57c85c2d02b238239878db59ff1971f5a823457fcc69e493bf6ebfa"
            ],
            "index": "pypi",
            "version": "==0.7.6"
        },
        "distlib": {
            "hashes": [
                "sha256:8c09de2c67b3e7deef7184574fc060ab8a793e7adbb183d942c389c8b13c52fb",
                "sha256:edf6116872c863e1aa9d5bb7cb5e05a022c519a4594dc703843343a9ddd9bff1"
            ],
            "version": "==0.3.1"
        },
        "django": {
            "hashes": [
                "sha256:62cf45e5ee425c52e411c0742e641a6588b7e8af0d2c274a27940931b2786594",
                "sha256:83ced795a0f239f41d8ecabf51cc5fad4b97462a6008dc12e5af3cb9288724ec"
            ],
            "index": "pypi",
            "version": "==2.2.16"
        },
        "django-cors-headers": {
            "hashes": [
                "sha256:9322255c296d5f75089571f29e520c83ff9693df17aa3cf9f6a4bea7c6740169",
                "sha256:db82b2840f667d47872ae3e4a4e0a0d72fbecb42779b8aa233fa8bb965f7836a"
            ],
            "index": "pypi",
            "version": "==3.5.0"
        },
        "django-crispy-forms": {
            "hashes": [
                "sha256:888bb316db89b60050a42ec35080facb361d823eec38010ccb0702f45642d3b8",
                "sha256:f2f1e0fbb458851636447cfb6be1a611b40c8ac9e41a74ba923011378670b43b"
            ],
            "index": "pypi",
            "version": "==1.9.2"
        },
        "django-extensions": {
            "hashes": [
                "sha256:6809c89ca952f0e08d4e0766bc0101dfaf508d7649aced1180c091d737046ea7",
                "sha256:dc663652ac9460fd06580a973576820430c6d428720e874ae46b041fa63e0efa"
            ],
            "index": "pypi",
            "version": "==3.0.9"
        },
        "django-filter": {
            "hashes": [
                "sha256:84e9d5bb93f237e451db814ed422a3a625751cbc9968b484ecc74964a8696b06",
                "sha256:e00d32cebdb3d54273c48f4f878f898dced8d5dfaad009438fe61ebdf535ace1"
            ],
            "index": "pypi",
            "version": "==2.4.0"
        },
        "djangoql": {
            "hashes": [
                "sha256:1b1f80940bb15982e06208b97d7b3d08e1d5f8fb62aa07e5e33599c7ce4c0334"
            ],
            "index": "pypi",
            "version": "==0.14.0"
        },
        "djangorestframework": {
            "hashes": [
                "sha256:5c5071fcbad6dce16f566d492015c829ddb0df42965d488b878594aabc3aed21",
                "sha256:d54452aedebb4b650254ca092f9f4f5df947cb1de6ab245d817b08b4f4156249"
            ],
            "index": "pypi",
            "version": "==3.12.1"
        },
        "docopt": {
            "hashes": [
                "sha256:49b3a825280bd66b3aa83585ef59c4a8c82f2c8a522dbe754a8bc8d08c85c491"
            ],
            "version": "==0.6.2"
        },
        "docutils": {
            "hashes": [
                "sha256:0c5b78adfbf7762415433f5515cd5c9e762339e23369dbe8000d84a4bf4ab3af",
                "sha256:c2de3a60e9e7d07be26b7f2b00ca0309c207e06c100f9cc2a94931fc75a478fc"
            ],
            "version": "==0.16"
        },
        "execnet": {
            "hashes": [
                "sha256:cacb9df31c9680ec5f95553976c4da484d407e85e41c83cb812aa014f0eddc50",
                "sha256:d4efd397930c46415f62f8a31388d6be4f27a91d7550eb79bc64a756e0056547"
            ],
            "version": "==1.7.1"
        },
        "factory-boy": {
            "hashes": [
                "sha256:d8626622550c8ba31392f9e19fdbcef9f139cf1ad643c5923f20490a7b3e2e3d",
                "sha256:ded73e49135c24bd4d3f45bf1eb168f8d290090f5cf4566b8df3698317dc9c08"
            ],
            "index": "pypi",
            "version": "==3.1.0"
        },
        "faker": {
            "hashes": [
                "sha256:30afa8f564350770373f299d2d267bff42aaba699a7ae0a3b6f378b2a8170569",
                "sha256:a7a36c3c657f06bd1e3e3821b9480f2a92017d8a26e150e464ab6b97743cbc92"
            ],
            "version": "==4.14.0"
        },
        "filelock": {
            "hashes": [
                "sha256:18d82244ee114f543149c66a6e0c14e9c4f8a1044b5cdaadd0f82159d6a6ff59",
                "sha256:929b7d63ec5b7d6b71b0fa5ac14e030b3f70b75747cef1b10da9b879fef15836"
            ],
            "version": "==3.0.12"
        },
        "filemagic": {
            "hashes": [
                "sha256:e684359ef40820fe406f0ebc5bf8a78f89717bdb7fed688af68082d991d6dbf3"
            ],
            "index": "pypi",
            "version": "==1.6"
        },
        "fuzzywuzzy": {
            "hashes": [
                "sha256:3759bc6859daa0eecef8c82b45404bdac20c23f23136cf4c18b46b426bbc418f",
                "sha256:5b36957ccf836e700f4468324fa80ba208990385392e217be077d5cd738ae602"
            ],
            "index": "pypi",
            "version": "==0.15.0"
        },
        "gunicorn": {
            "hashes": [
                "sha256:1904bb2b8a43658807108d59c3f3d56c2b6121a701161de0ddf9ad140073c626",
                "sha256:cd4a810dd51bf497552cf3f863b575dabd73d6ad6a91075b65936b151cbf4f9c"
            ],
            "index": "pypi",
            "version": "==20.0.4"
        },
        "idna": {
            "hashes": [
                "sha256:b307872f855b18632ce0c21c5e45be78c0ea7ae4c15c828c20788b26921eb3f6",
                "sha256:b97d804b1e9b523befed77c48dacec60e6dcb0b5391d57af6a65a312a90648c0"
            ],
            "version": "==2.10"
        },
        "imagesize": {
            "hashes": [
                "sha256:6965f19a6a2039c7d48bca7dba2473069ff854c36ae6f19d2cde309d998228a1",
                "sha256:b1f6b5a4eab1f73479a50fb79fcf729514a900c341d8503d62a62dbc4127a2b1"
            ],
            "version": "==1.2.0"
        },
        "importlib-metadata": {
            "hashes": [
                "sha256:77a540690e24b0305878c37ffd421785a6f7e53c8b5720d211b211de8d0e95da",
                "sha256:cefa1a2f919b866c5beb7c9f7b0ebb4061f30a8a9bf16d609b000e2dfaceb9c3"
            ],
            "markers": "python_version < '3.8'",
            "version": "==2.0.0"
        },
        "iniconfig": {
            "hashes": [
                "sha256:011e24c64b7f47f6ebd835bb12a743f2fbe9a26d4cecaa7f53bc4f35ee9da8b3",
                "sha256:bc3af051d7d14b2ee5ef9969666def0cd1a000e121eaea580d4a313df4b37f32"
            ],
            "version": "==1.1.1"
        },
        "inotify-simple": {
            "hashes": [
                "sha256:8440ffe49c4ae81a8df57c1ae1eb4b6bfa7acb830099bfb3e305b383005cc128"
            ],
            "index": "pypi",
            "version": "==1.3.5"
        },
        "jinja2": {
            "hashes": [
                "sha256:89aab215427ef59c34ad58735269eb58b1a5808103067f7bb9d5836c651b3bb0",
                "sha256:f0a4641d3cf955324a89c04f3d94663aa4d638abe8f733ecd3582848e1c37035"
            ],
            "version": "==2.11.2"
        },
        "langdetect": {
            "hashes": [
                "sha256:363795ea005f1243c958e953245dac5d814fabdc025c9afa91588c5fa6b2fa83",
                "sha256:f37495e63607865e47deed08d78f7f8e58172658216ff954b2f14671bcd87740"
            ],
            "index": "pypi",
            "version": "==1.0.8"
        },
        "markupsafe": {
            "hashes": [
                "sha256:00bc623926325b26bb9605ae9eae8a215691f33cae5df11ca5424f06f2d1f473",
                "sha256:09027a7803a62ca78792ad89403b1b7a73a01c8cb65909cd876f7fcebd79b161",
                "sha256:09c4b7f37d6c648cb13f9230d847adf22f8171b1ccc4d5682398e77f40309235",
                "sha256:1027c282dad077d0bae18be6794e6b6b8c91d58ed8a8d89a89d59693b9131db5",
                "sha256:13d3144e1e340870b25e7b10b98d779608c02016d5184cfb9927a9f10c689f42",
                "sha256:24982cc2533820871eba85ba648cd53d8623687ff11cbb805be4ff7b4c971aff",
                "sha256:29872e92839765e546828bb7754a68c418d927cd064fd4708fab9fe9c8bb116b",
                "sha256:43a55c2930bbc139570ac2452adf3d70cdbb3cfe5912c71cdce1c2c6bbd9c5d1",
                "sha256:46c99d2de99945ec5cb54f23c8cd5689f6d7177305ebff350a58ce5f8de1669e",
                "sha256:500d4957e52ddc3351cabf489e79c91c17f6e0899158447047588650b5e69183",
                "sha256:535f6fc4d397c1563d08b88e485c3496cf5784e927af890fb3c3aac7f933ec66",
                "sha256:596510de112c685489095da617b5bcbbac7dd6384aeebeda4df6025d0256a81b",
                "sha256:62fe6c95e3ec8a7fad637b7f3d372c15ec1caa01ab47926cfdf7a75b40e0eac1",
                "sha256:6788b695d50a51edb699cb55e35487e430fa21f1ed838122d722e0ff0ac5ba15",
                "sha256:6dd73240d2af64df90aa7c4e7481e23825ea70af4b4922f8ede5b9e35f78a3b1",
                "sha256:717ba8fe3ae9cc0006d7c451f0bb265ee07739daf76355d06366154ee68d221e",
                "sha256:79855e1c5b8da654cf486b830bd42c06e8780cea587384cf6545b7d9ac013a0b",
                "sha256:7c1699dfe0cf8ff607dbdcc1e9b9af1755371f92a68f706051cc8c37d447c905",
                "sha256:88e5fcfb52ee7b911e8bb6d6aa2fd21fbecc674eadd44118a9cc3863f938e735",
                "sha256:8defac2f2ccd6805ebf65f5eeb132adcf2ab57aa11fdf4c0dd5169a004710e7d",
                "sha256:98c7086708b163d425c67c7a91bad6e466bb99d797aa64f965e9d25c12111a5e",
                "sha256:9add70b36c5666a2ed02b43b335fe19002ee5235efd4b8a89bfcf9005bebac0d",
                "sha256:9bf40443012702a1d2070043cb6291650a0841ece432556f784f004937f0f32c",
                "sha256:ade5e387d2ad0d7ebf59146cc00c8044acbd863725f887353a10df825fc8ae21",
                "sha256:b00c1de48212e4cc9603895652c5c410df699856a2853135b3967591e4beebc2",
                "sha256:b1282f8c00509d99fef04d8ba936b156d419be841854fe901d8ae224c59f0be5",
                "sha256:b2051432115498d3562c084a49bba65d97cf251f5a331c64a12ee7e04dacc51b",
                "sha256:ba59edeaa2fc6114428f1637ffff42da1e311e29382d81b339c1817d37ec93c6",
                "sha256:c8716a48d94b06bb3b2524c2b77e055fb313aeb4ea620c8dd03a105574ba704f",
                "sha256:cd5df75523866410809ca100dc9681e301e3c27567cf498077e8551b6d20e42f",
                "sha256:cdb132fc825c38e1aeec2c8aa9338310d29d337bebbd7baa06889d09a60a1fa2",
                "sha256:e249096428b3ae81b08327a63a485ad0878de3fb939049038579ac0ef61e17e7",
                "sha256:e8313f01ba26fbbe36c7be1966a7b7424942f670f38e666995b88d012765b9be"
            ],
            "version": "==1.1.1"
        },
        "packaging": {
            "hashes": [
                "sha256:4357f74f47b9c12db93624a82154e9b120fa8293699949152b22065d556079f8",
                "sha256:998416ba6962ae7fbd6596850b80e17859a5753ba17c32284f67bfff33784181"
            ],
            "version": "==20.4"
        },
        "pdftotext": {
            "hashes": [
                "sha256:98aeb8b07a4127e1a30223bd933ef080bbd29aa88f801717ca6c5618380b8aa6"
            ],
            "index": "pypi",
            "version": "==2.1.5"
        },
        "pillow": {
            "hashes": [
                "sha256:04d984e45a0b9815f4b407e8aadb50f25fbb82a605d89db927376e94c3adf371",
                "sha256:06e730451b70471c08b8a0ee7f18e7e1df310dba9c780bbfb730a13102b143db",
                "sha256:1f59596af2b3d64a9e43f9d6509b7a51db744d0eecc23297617c604e6823c6ae",
                "sha256:233513465a2f25fce537b965621866da3d1f02e15708f371dd4e19f0fb7b7711",
                "sha256:2696f1a6402c1a42ed12c5cd8adfb4b381c32d41e35a34b8ee544309ef854172",
                "sha256:2ca55a4443b463eec90528ac27be14d226b1c2b972178bc7d4d282ce89e47b6a",
                "sha256:30615e9115f976e00a938a28c7152562e8cf8e221ddacf4446dd8b20c0d97333",
                "sha256:3a77e7b9f8991b81d7be8e0b2deab05013cf3ebb24ac2b863d2979acb68c73dd",
                "sha256:54667c8ab16658cc0b7d824d8706b440d4db8382a3561042758bdfd48ca99298",
                "sha256:59304c67d12394815331eda95ec892bf54ad95e0aa7bc1ccd8e0a4a5a25d4bf3",
                "sha256:594f2f25b7bcfd9542c41b9df156fb5104f19f5fcefa51b1447f1d9f64c9cc14",
                "sha256:5b5dde5dcedc4e6f5a71d7654a3c6e189ced82e97d7896b1ca5a5c5e4e0e916f",
                "sha256:6bcea85f93fb2c94a1bcd35704c348a929a7fb24a0ec0cc2b9fcbb0046b87176",
                "sha256:718d7f0eb3351052023b33fe0f83fc9e3beeb7cbacbd0ff2b52524e2153e4598",
                "sha256:7c4a7ee37027ca716f42726b6f9fc491c13c843c7af559e0767dfab1ae9682d4",
                "sha256:87a855b64a9b692604f6339baa4f9913d06838df1b4ccf0cb899dd18f56ec03c",
                "sha256:8c006d52365c0a6bb41a07f9c8f9f458ae8170e0af3b8c49bf7089347066b97b",
                "sha256:8e29701229705615d3dcfc439c7c46f40f913e57c7fe322b1efc30d3f37d1287",
                "sha256:9b5b41737853bc49943864d5980dfb401a09e78ddb471e71291810ccdeadd712",
                "sha256:b04569ff215b85ce3e2954979d2d5e0bf84007e43ddcf84b632fc6bc18e07909",
                "sha256:b731d45764349313bd956c07bdc1d43803bb0ad2b11354328a074e416c7d84bc",
                "sha256:c12e33cb17e2e12049a49b77696ee479791a4e44e541fdc393ae043e1246389f",
                "sha256:c41442c3814afeba1f6f16fd70cdf312a2c73c6dee8dc3ac8926bb115713ad1d",
                "sha256:c4d743c5c91424965707c9c8edc58b7cb43c127dcaf191fbcd304e2082eef56a",
                "sha256:d6766fd28f4f47cf93280a57e3dc6a9d11bdada1a6e9f019b8c62b12bbc86f6a",
                "sha256:d904570afcdbec40eb6bdbe24cba8d95c0215a2c0cbbc9c16301045bc8504c1f",
                "sha256:e674be2f349ea810e221b0113bd4491f53584ac848d5bcc3b62443cfa11d9c40",
                "sha256:e6ac40f1a62a227eb00226eb64c9c82bc878a3ed700b5414d34c9be57be87e87",
                "sha256:f5270369c799b4405ed47d45c88c09fbd7942fc9fb9891c0dabf0b8c751b625d"
            ],
            "index": "pypi",
            "version": "==8.0.0"
        },
        "pluggy": {
            "hashes": [
                "sha256:15b2acde666561e1298d71b523007ed7364de07029219b604cf808bfa1c765b0",
                "sha256:966c145cd83c96502c3c3868f50408687b38434af77734af1e9ca461a4081d2d"
            ],
            "version": "==0.13.1"
        },
        "ply": {
            "hashes": [
                "sha256:00c7c1aaa88358b9c765b6d3000c6eec0ba42abca5351b095321aef446081da3",
                "sha256:096f9b8350b65ebd2fd1346b12452efe5b9607f7482813ffca50c22722a807ce"
            ],
            "version": "==3.11"
        },
        "psycopg2": {
            "hashes": [
                "sha256:00195b5f6832dbf2876b8bf77f12bdce648224c89c880719c745b90515233301",
                "sha256:068115e13c70dc5982dfc00c5d70437fe37c014c808acce119b5448361c03725",
                "sha256:26e7fd115a6db75267b325de0fba089b911a4a12ebd3d0b5e7acb7028bc46821",
                "sha256:56007a226b8e95aa980ada7abdea6b40b75ce62a433bd27cec7a8178d57f4051",
                "sha256:56fee7f818d032f802b8eed81ef0c1232b8b42390df189cab9cfa87573fe52c5",
                "sha256:6a3d9efb6f36f1fe6aa8dbb5af55e067db802502c55a9defa47c5a1dad41df84",
                "sha256:a49833abfdede8985ba3f3ec641f771cca215479f41523e99dace96d5b8cce2a",
                "sha256:ad2fe8a37be669082e61fb001c185ffb58867fdbb3e7a6b0b0d2ffe232353a3e",
                "sha256:b8cae8b2f022efa1f011cc753adb9cbadfa5a184431d09b273fb49b4167561ad",
                "sha256:d160744652e81c80627a909a0e808f3c6653a40af435744de037e3172cf277f5",
                "sha256:f22ea9b67aea4f4a1718300908a2fb62b3e4276cf00bd829a97ab5894af42ea3",
                "sha256:f974c96fca34ae9e4f49839ba6b78addf0346777b46c4da27a7bf54f48d3057d",
                "sha256:fb23f6c71107c37fd667cb4ea363ddeb936b348bbd6449278eb92c189699f543"
            ],
            "index": "pypi",
            "version": "==2.8.6"
        },
        "py": {
            "hashes": [
                "sha256:366389d1db726cd2fcfc79732e75410e5fe4d31db13692115529d34069a043c2",
                "sha256:9ca6883ce56b4e8da7e79ac18787889fa5206c79dcc67fb065376cd2fe03f342"
            ],
            "version": "==1.9.0"
        },
        "pycodestyle": {
            "hashes": [
                "sha256:2295e7b2f6b5bd100585ebcb1f616591b652db8a741695b3d8f5d28bdc934367",
                "sha256:c58a7d2815e0e8d7972bf1803331fb0152f867bd89adf8a01dfd55085434192e"
            ],
            "index": "pypi",
            "version": "==2.6.0"
        },
        "pygments": {
            "hashes": [
                "sha256:307543fe65c0947b126e83dd5a61bd8acbd84abec11f43caebaf5534cbc17998",
                "sha256:926c3f319eda178d1bd90851e4317e6d8cdb5e292a3386aac9bd75eca29cf9c7"
            ],
            "version": "==2.7.1"
        },
        "pyocr": {
            "hashes": [
                "sha256:fa15adc7e1cf0d345a2990495fe125a947c6e09a60ddba0256a1c14b2e603179"
            ],
            "index": "pypi",
            "version": "==0.7.2"
        },
        "pyparsing": {
            "hashes": [
                "sha256:c203ec8783bf771a155b207279b9bccb8dea02d8f0c9e5f8ead507bc3246ecc1",
                "sha256:ef9d7589ef3c200abe66653d3f1ab1033c3c419ae9b9bdb1240a85b024efc88b"
            ],
            "version": "==2.4.7"
        },
        "pytest": {
            "hashes": [
                "sha256:7a8190790c17d79a11f847fba0b004ee9a8122582ebff4729a082c109e81a4c9",
                "sha256:8f593023c1a0f916110285b6efd7f99db07d59546e3d8c36fc60e2ab05d3be92"
            ],
            "index": "pypi",
            "version": "==6.1.1"
        },
        "pytest-cov": {
            "hashes": [
                "sha256:45ec2d5182f89a81fc3eb29e3d1ed3113b9e9a873bcddb2a71faaab066110191",
                "sha256:47bd0ce14056fdd79f93e1713f88fad7bdcc583dcd7783da86ef2f085a0bb88e"
            ],
            "index": "pypi",
            "version": "==2.10.1"
        },
        "pytest-django": {
            "hashes": [
                "sha256:0e91003fdd41ac0322c1978682be2ca180bc564203dd53c698f99242bf513614",
                "sha256:5f964ccda1f551e00589ab0679a7c45c36c509a44b5bfb5ad07954e0ae3f4bed"
            ],
            "index": "pypi",
            "version": "==4.0.0"
        },
        "pytest-env": {
            "hashes": [
                "sha256:7e94956aef7f2764f3c147d216ce066bf6c42948bb9e293169b1b1c880a580c2"
            ],
            "index": "pypi",
            "version": "==0.6.2"
        },
        "pytest-forked": {
            "hashes": [
                "sha256:6aa9ac7e00ad1a539c41bec6d21011332de671e938c7637378ec9710204e37ca",
                "sha256:dc4147784048e70ef5d437951728825a131b81714b398d5d52f17c7c144d8815"
            ],
            "version": "==1.3.0"
        },
        "pytest-sugar": {
            "hashes": [
                "sha256:b1b2186b0a72aada6859bea2a5764145e3aaa2c1cfbb23c3a19b5f7b697563d3"
            ],
            "index": "pypi",
            "version": "==0.9.4"
        },
        "pytest-xdist": {
            "hashes": [
                "sha256:7c629016b3bb006b88ac68e2b31551e7becf173c76b977768848e2bbed594d90",
                "sha256:82d938f1a24186520e2d9d3a64ef7d9ac7ecdf1a0659e095d18e596b8cbd0672"
            ],
            "index": "pypi",
            "version": "==2.1.0"
        },
        "python-dateutil": {
            "hashes": [
                "sha256:73ebfe9dbf22e832286dafa60473e4cd239f8592f699aa5adaf10050e6e1823c",
                "sha256:75bb3f31ea686f1197762692a9ee6a7550b59fc6ca3a1f4b5d7e32fb98e2da2a"
            ],
            "index": "pypi",
            "version": "==2.8.1"
        },
        "python-dotenv": {
            "hashes": [
                "sha256:8c10c99a1b25d9a68058a1ad6f90381a62ba68230ca93966882a4dbc3bc9c33d",
                "sha256:c10863aee750ad720f4f43436565e4c1698798d763b63234fb5021b6c616e423"
            ],
            "index": "pypi",
            "version": "==0.14.0"
        },
        "python-gnupg": {
            "hashes": [
                "sha256:3aa0884b3bd414652c2385b9df39e7b87272c2eca1b8fcc3089bc9e58652019a",
                "sha256:cba3566e8a8fb7bb417d6897a6e17bfc7f9371052e57eb0057783c07d762a679"
            ],
            "index": "pypi",
            "version": "==0.4.6"
        },
        "python-levenshtein": {
            "hashes": [
                "sha256:033a11de5e3d19ea25c9302d11224e1a1898fe5abd23c61c7c360c25195e3eb1"
            ],
            "version": "==0.12.0"
        },
        "pytz": {
            "hashes": [
                "sha256:a494d53b6d39c3c6e44c3bec237336e14305e4f29bbf800b599253057fbb79ed",
                "sha256:c35965d010ce31b23eeb663ed3cc8c906275d6be1a34393a1d73a41febf4a048"
            ],
            "index": "pypi",
            "version": "==2020.1"
        },
        "regex": {
            "hashes": [
                "sha256:02686a2f0b1a4be0facdd0d3ad4dc6c23acaa0f38fb5470d892ae88584ba705c",
                "sha256:137da580d1e6302484be3ef41d72cf5c3ad22a076070051b7449c0e13ab2c482",
                "sha256:20cdd7e1736f4f61a5161aa30d05ac108ab8efc3133df5eb70fe1e6a23ea1ca6",
                "sha256:25991861c6fef1e5fd0a01283cf5658c5e7f7aa644128e85243bc75304e91530",
                "sha256:26b85672275d8c7a9d4ff93dbc4954f5146efdb2ecec89ad1de49439984dea14",
                "sha256:2f60ba5c33f00ce9be29a140e6f812e39880df8ba9cb92ad333f0016dbc30306",
                "sha256:3dd952f3f8dc01b72c0cf05b3631e05c50ac65ddd2afdf26551638e97502107b",
                "sha256:578ac6379e65eb8e6a85299b306c966c852712c834dc7eef0ba78d07a828f67b",
                "sha256:5d4a3221f37520bb337b64a0632716e61b26c8ae6aaffceeeb7ad69c009c404b",
                "sha256:608d6c05452c0e6cc49d4d7407b4767963f19c4d2230fa70b7201732eedc84f2",
                "sha256:65b6b018b07e9b3b6a05c2c3bb7710ed66132b4df41926c243887c4f1ff303d5",
                "sha256:698f8a5a2815e1663d9895830a063098ae2f8f2655ae4fdc5dfa2b1f52b90087",
                "sha256:6c72adb85adecd4522a488a751e465842cdd2a5606b65464b9168bf029a54272",
                "sha256:6d4cdb6c20e752426b2e569128488c5046fb1b16b1beadaceea9815c36da0847",
                "sha256:6e9f72e0ee49f7d7be395bfa29e9533f0507a882e1e6bf302c0a204c65b742bf",
                "sha256:828618f3c3439c5e6ef8621e7c885ca561bbaaba90ddbb6a7dfd9e1ec8341103",
                "sha256:85b733a1ef2b2e7001aff0e204a842f50ad699c061856a214e48cfb16ace7d0c",
                "sha256:8958befc139ac4e3f16d44ec386c490ea2121ed8322f4956f83dd9cad8e9b922",
                "sha256:a51e51eecdac39a50ede4aeed86dbef4776e3b73347d31d6ad0bc9648ba36049",
                "sha256:aeac7c9397480450016bc4a840eefbfa8ca68afc1e90648aa6efbfe699e5d3bb",
                "sha256:aef23aed9d4017cc74d37f703d57ce254efb4c8a6a01905f40f539220348abf9",
                "sha256:af1f5e997dd1ee71fb6eb4a0fb6921bf7a778f4b62f1f7ef0d7445ecce9155d6",
                "sha256:b5eeaf4b5ef38fab225429478caf71f44d4a0b44d39a1aa4d4422cda23a9821b",
                "sha256:d25f5cca0f3af6d425c9496953445bf5b288bb5b71afc2b8308ad194b714c159",
                "sha256:d81be22d5d462b96a2aa5c512f741255ba182995efb0114e5a946fe254148df1",
                "sha256:e935a166a5f4c02afe3f7e4ce92ce5a786f75c6caa0c4ce09c922541d74b77e8",
                "sha256:ef3a55b16c6450574734db92e0a3aca283290889934a23f7498eaf417e3af9f0"
            ],
            "version": "==2020.10.15"
        },
        "requests": {
            "hashes": [
                "sha256:b3559a131db72c33ee969480840fff4bb6dd111de7dd27c8ee1f820f4f00231b",
                "sha256:fe75cc94a9443b9246fc7049224f75604b113c36acb93f87b80ed42c44cbb898"
            ],
            "version": "==2.24.0"
        },
        "six": {
            "hashes": [
                "sha256:30639c035cdb23534cd4aa2dd52c3bf48f06e5f4a941509c8bafd8ce11080259",
                "sha256:8b74bedcbbbaca38ff6d7491d76f2b06b3592611af620f8426e82dddb04a5ced"
            ],
            "version": "==1.15.0"
        },
        "snowballstemmer": {
            "hashes": [
                "sha256:209f257d7533fdb3cb73bdbd24f436239ca3b2fa67d56f6ff88e86be08cc5ef0",
                "sha256:df3bac3df4c2c01363f3dd2cfa78cce2840a79b9f1c2d2de9ce8d31683992f52"
            ],
            "version": "==2.0.0"
        },
        "sphinx": {
            "hashes": [
                "sha256:321d6d9b16fa381a5306e5a0b76cd48ffbc588e6340059a729c6fdd66087e0e8",
                "sha256:ce6fd7ff5b215af39e2fcd44d4a321f6694b4530b6f2b2109b64d120773faea0"
            ],
            "index": "pypi",
            "version": "==3.2.1"
        },
        "sphinxcontrib-applehelp": {
            "hashes": [
                "sha256:806111e5e962be97c29ec4c1e7fe277bfd19e9652fb1a4392105b43e01af885a",
                "sha256:a072735ec80e7675e3f432fcae8610ecf509c5f1869d17e2eecff44389cdbc58"
            ],
            "version": "==1.0.2"
        },
        "sphinxcontrib-devhelp": {
            "hashes": [
                "sha256:8165223f9a335cc1af7ffe1ed31d2871f325254c0423bc0c4c7cd1c1e4734a2e",
                "sha256:ff7f1afa7b9642e7060379360a67e9c41e8f3121f2ce9164266f61b9f4b338e4"
            ],
            "version": "==1.0.2"
        },
        "sphinxcontrib-htmlhelp": {
            "hashes": [
                "sha256:3c0bc24a2c41e340ac37c85ced6dafc879ab485c095b1d65d2461ac2f7cca86f",
                "sha256:e8f5bb7e31b2dbb25b9cc435c8ab7a79787ebf7f906155729338f3156d93659b"
            ],
            "version": "==1.0.3"
        },
        "sphinxcontrib-jsmath": {
            "hashes": [
                "sha256:2ec2eaebfb78f3f2078e73666b1415417a116cc848b72e5172e596c871103178",
                "sha256:a9925e4a4587247ed2191a22df5f6970656cb8ca2bd6284309578f2153e0c4b8"
            ],
            "version": "==1.0.1"
        },
        "sphinxcontrib-qthelp": {
            "hashes": [
                "sha256:4c33767ee058b70dba89a6fc5c1892c0d57a54be67ddd3e7875a18d14cba5a72",
                "sha256:bd9fc24bcb748a8d51fd4ecaade681350aa63009a347a8c14e637895444dfab6"
            ],
            "version": "==1.0.3"
        },
        "sphinxcontrib-serializinghtml": {
            "hashes": [
                "sha256:eaa0eccc86e982a9b939b2b82d12cc5d013385ba5eadcc7e4fed23f4405f77bc",
                "sha256:f242a81d423f59617a8e5cf16f5d4d74e28ee9a66f9e5b637a18082991db5a9a"
            ],
            "version": "==1.1.4"
        },
        "sqlparse": {
            "hashes": [
                "sha256:017cde379adbd6a1f15a61873f43e8274179378e95ef3fede90b5aa64d304ed0",
                "sha256:0f91fd2e829c44362cbcfab3e9ae12e22badaa8a29ad5ff599f9ec109f0454e8"
            ],
            "version": "==0.4.1"
        },
        "termcolor": {
            "hashes": [
                "sha256:1d6d69ce66211143803fbc56652b41d73b4a400a2891d7bf7a1cdf4c02de613b"
            ],
            "version": "==1.1.0"
        },
        "text-unidecode": {
            "hashes": [
                "sha256:1311f10e8b895935241623731c2ba64f4c455287888b18189350b67134a822e8",
                "sha256:bad6603bb14d279193107714b288be206cac565dfa49aa5b105294dd5c4aab93"
            ],
            "version": "==1.3"
        },
        "toml": {
            "hashes": [
                "sha256:926b612be1e5ce0634a2ca03470f95169cf16f939018233a670519cb4ac58b0f",
                "sha256:bda89d5935c2eac546d648028b9901107a595863cb36bae0c73ac804a9b4ce88"
            ],
            "version": "==0.10.1"
        },
        "tox": {
            "hashes": [
                "sha256:42ce19ce5dc2f6d6b1fdc5666c476e1f1e2897359b47e0aa3a5b774f335d57c2",
                "sha256:4321052bfe28f9d85082341ca8e233e3ea901fdd14dab8a5d3fbd810269fbaf6"
            ],
            "index": "pypi",
            "version": "==3.20.1"
        },
        "tzlocal": {
            "hashes": [
                "sha256:643c97c5294aedc737780a49d9df30889321cbe1204eac2c2ec6134035a92e44",
                "sha256:e2cb6c6b5b604af38597403e9852872d7f534962ae2954c7f35efcb1ccacf4a4"
            ],
            "version": "==2.1"
        },
        "urllib3": {
            "hashes": [
                "sha256:91056c15fa70756691db97756772bb1eb9678fa585d9184f24534b100dc60f4a",
                "sha256:e7983572181f5e1522d9c98453462384ee92a0be7fac5f1413a1e35c56cc0461"
            ],
            "version": "==1.25.10"
        },
        "virtualenv": {
            "hashes": [
                "sha256:0ebc633426d7468664067309842c81edab11ae97fcaf27e8ad7f5748c89b431b",
                "sha256:2a72c80fa2ad8f4e2985c06e6fc12c3d60d060e410572f553c90619b0f6efaf3"
            ],
            "version": "==20.0.35"
        },
        "whitenoise": {
            "hashes": [
                "sha256:05ce0be39ad85740a78750c86a93485c40f08ad8c62a6006de0233765996e5c7",
                "sha256:05d00198c777028d72d8b0bbd234db605ef6d60e9410125124002518a48e515d"
            ],
            "index": "pypi",
            "version": "==5.2.0"
        },
        "zipp": {
            "hashes": [
                "sha256:16522f69653f0d67be90e8baa4a46d66389145b734345d68a257da53df670903",
                "sha256:c1532a8030c32fd52ff6a288d855fe7adef5823ba1d26a29a68fd6314aa72baa"
            ],
            "version": "==3.3.1"
        }
    },
    "develop": {
        "astroid": {
            "hashes": [
                "sha256:2f4078c2a41bf377eea06d71c9d2ba4eb8f6b1af2135bec27bbbb7d8f12bb703",
                "sha256:bc58d83eb610252fd8de6363e39d4f1d0619c894b0ed24603b881c02e64c7386"
            ],
            "version": "==2.4.2"
        },
        "backcall": {
            "hashes": [
                "sha256:5cbdbf27be5e7cfadb448baf0aa95508f91f2bbc6c6437cd9cd06e2a4c215e1e",
                "sha256:fbbce6a29f263178a1f7915c1940bde0ec2b2a967566fe1c65c1dfb7422bd255"
            ],
            "version": "==0.2.0"
        },
        "decorator": {
            "hashes": [
                "sha256:41fa54c2a0cc4ba648be4fd43cff00aedf5b9465c9bf18d64325bc225f08f760",
                "sha256:e3a62f0520172440ca0dcc823749319382e377f37f140a0b99ef45fecb84bfe7"
            ],
            "version": "==4.4.2"
        },
        "ipython": {
            "hashes": [
                "sha256:2e22c1f74477b5106a6fb301c342ab8c64bb75d702e350f05a649e8cb40a0fb8",
                "sha256:a331e78086001931de9424940699691ad49dfb457cea31f5471eae7b78222d5e"
            ],
            "index": "pypi",
            "version": "==7.18.1"
        },
        "ipython-genutils": {
            "hashes": [
                "sha256:72dd37233799e619666c9f639a9da83c34013a73e8bbc79a7a6348d93c61fab8",
                "sha256:eb2e116e75ecef9d4d228fdc66af54269afa26ab4463042e33785b887c628ba8"
            ],
            "version": "==0.2.0"
        },
        "isort": {
            "hashes": [
                "sha256:dcab1d98b469a12a1a624ead220584391648790275560e1a43e54c5dceae65e7",
                "sha256:dcaeec1b5f0eca77faea2a35ab790b4f3680ff75590bfcb7145986905aab2f58"
            ],
            "version": "==5.6.4"
        },
        "jedi": {
            "hashes": [
                "sha256:86ed7d9b750603e4ba582ea8edc678657fb4007894a12bcf6f4bb97892f31d20",
                "sha256:98cc583fa0f2f8304968199b01b6b4b94f469a1f4a74c1560506ca2a211378b5"
            ],
            "version": "==0.17.2"
        },
        "lazy-object-proxy": {
            "hashes": [
                "sha256:0c4b206227a8097f05c4dbdd323c50edf81f15db3b8dc064d08c62d37e1a504d",
                "sha256:194d092e6f246b906e8f70884e620e459fc54db3259e60cf69a4d66c3fda3449",
                "sha256:1be7e4c9f96948003609aa6c974ae59830a6baecc5376c25c92d7d697e684c08",
                "sha256:4677f594e474c91da97f489fea5b7daa17b5517190899cf213697e48d3902f5a",
                "sha256:48dab84ebd4831077b150572aec802f303117c8cc5c871e182447281ebf3ac50",
                "sha256:5541cada25cd173702dbd99f8e22434105456314462326f06dba3e180f203dfd",
                "sha256:59f79fef100b09564bc2df42ea2d8d21a64fdcda64979c0fa3db7bdaabaf6239",
                "sha256:8d859b89baf8ef7f8bc6b00aa20316483d67f0b1cbf422f5b4dc56701c8f2ffb",
                "sha256:9254f4358b9b541e3441b007a0ea0764b9d056afdeafc1a5569eee1cc6c1b9ea",
                "sha256:9651375199045a358eb6741df3e02a651e0330be090b3bc79f6d0de31a80ec3e",
                "sha256:97bb5884f6f1cdce0099f86b907aa41c970c3c672ac8b9c8352789e103cf3156",
                "sha256:9b15f3f4c0f35727d3a0fba4b770b3c4ebbb1fa907dbcc046a1d2799f3edd142",
                "sha256:a2238e9d1bb71a56cd710611a1614d1194dc10a175c1e08d75e1a7bcc250d442",
                "sha256:a6ae12d08c0bf9909ce12385803a543bfe99b95fe01e752536a60af2b7797c62",
                "sha256:ca0a928a3ddbc5725be2dd1cf895ec0a254798915fb3a36af0964a0a4149e3db",
                "sha256:cb2c7c57005a6804ab66f106ceb8482da55f5314b7fcb06551db1edae4ad1531",
                "sha256:d74bb8693bf9cf75ac3b47a54d716bbb1a92648d5f781fc799347cfc95952383",
                "sha256:d945239a5639b3ff35b70a88c5f2f491913eb94871780ebfabb2568bd58afc5a",
                "sha256:eba7011090323c1dadf18b3b689845fd96a61ba0a1dfbd7f24b921398affc357",
                "sha256:efa1909120ce98bbb3777e8b6f92237f5d5c8ea6758efea36a473e1d38f7d3e4",
                "sha256:f3900e8a5de27447acbf900b4750b0ddfd7ec1ea7fbaf11dfa911141bc522af0"
            ],
            "version": "==1.4.3"
        },
        "mccabe": {
            "hashes": [
                "sha256:ab8a6258860da4b6677da4bd2fe5dc2c659cff31b3ee4f7f5d64e79735b80d42",
                "sha256:dd8d182285a0fe56bace7f45b5e7d1a6ebcbf524e8f3bd87eb0f125271b8831f"
            ],
            "version": "==0.6.1"
        },
        "parso": {
            "hashes": [
                "sha256:97218d9159b2520ff45eb78028ba8b50d2bc61dcc062a9682666f2dc4bd331ea",
                "sha256:caba44724b994a8a5e086460bb212abc5a8bc46951bf4a9a1210745953622eb9"
            ],
            "version": "==0.7.1"
        },
        "pexpect": {
            "hashes": [
                "sha256:0b48a55dcb3c05f3329815901ea4fc1537514d6ba867a152b581d69ae3710937",
                "sha256:fc65a43959d153d0114afe13997d439c22823a27cefceb5ff35c2178c6784c0c"
            ],
            "markers": "sys_platform != 'win32'",
            "version": "==4.8.0"
        },
        "pickleshare": {
            "hashes": [
                "sha256:87683d47965c1da65cdacaf31c8441d12b8044cdec9aca500cd78fc2c683afca",
                "sha256:9649af414d74d4df115d5d718f82acb59c9d418196b7b4290ed47a12ce62df56"
            ],
            "version": "==0.7.5"
        },
        "prompt-toolkit": {
            "hashes": [
                "sha256:25c95d2ac813909f813c93fde734b6e44406d1477a9faef7c915ff37d39c0a8c",
                "sha256:7debb9a521e0b1ee7d2fe96ee4bd60ef03c6492784de0547337ca4433e46aa63"
            ],
            "version": "==3.0.8"
        },
        "ptyprocess": {
            "hashes": [
                "sha256:923f299cc5ad920c68f2bc0bc98b75b9f838b93b599941a6b63ddbc2476394c0",
                "sha256:d7cc528d76e76342423ca640335bd3633420dc1366f258cb31d05e865ef5ca1f"
            ],
            "version": "==0.6.0"
        },
        "pygments": {
            "hashes": [
                "sha256:307543fe65c0947b126e83dd5a61bd8acbd84abec11f43caebaf5534cbc17998",
                "sha256:926c3f319eda178d1bd90851e4317e6d8cdb5e292a3386aac9bd75eca29cf9c7"
            ],
            "version": "==2.7.1"
        },
        "pylint": {
            "hashes": [
                "sha256:bb4a908c9dadbc3aac18860550e870f58e1a02c9f2c204fdf5693d73be061210",
                "sha256:bfe68f020f8a0fece830a22dd4d5dddb4ecc6137db04face4c3420a46a52239f"
            ],
            "index": "pypi",
            "version": "==2.6.0"
        },
        "six": {
            "hashes": [
                "sha256:30639c035cdb23534cd4aa2dd52c3bf48f06e5f4a941509c8bafd8ce11080259",
                "sha256:8b74bedcbbbaca38ff6d7491d76f2b06b3592611af620f8426e82dddb04a5ced"
            ],
            "version": "==1.15.0"
        },
        "toml": {
            "hashes": [
                "sha256:926b612be1e5ce0634a2ca03470f95169cf16f939018233a670519cb4ac58b0f",
                "sha256:bda89d5935c2eac546d648028b9901107a595863cb36bae0c73ac804a9b4ce88"
            ],
            "version": "==0.10.1"
        },
        "traitlets": {
            "hashes": [
                "sha256:178f4ce988f69189f7e523337a3e11d91c786ded9360174a3d9ca83e79bc5396",
                "sha256:69ff3f9d5351f31a7ad80443c2674b7099df13cc41fc5fa6e2f6d3b0330b0426"
            ],
            "version": "==5.0.5"
        },
        "typed-ast": {
            "hashes": [
                "sha256:0666aa36131496aed8f7be0410ff974562ab7eeac11ef351def9ea6fa28f6355",
                "sha256:0c2c07682d61a629b68433afb159376e24e5b2fd4641d35424e462169c0a7919",
                "sha256:249862707802d40f7f29f6e1aad8d84b5aa9e44552d2cc17384b209f091276aa",
                "sha256:24995c843eb0ad11a4527b026b4dde3da70e1f2d8806c99b7b4a7cf491612652",
                "sha256:269151951236b0f9a6f04015a9004084a5ab0d5f19b57de779f908621e7d8b75",
                "sha256:4083861b0aa07990b619bd7ddc365eb7fa4b817e99cf5f8d9cf21a42780f6e01",
                "sha256:498b0f36cc7054c1fead3d7fc59d2150f4d5c6c56ba7fb150c013fbc683a8d2d",
                "sha256:4e3e5da80ccbebfff202a67bf900d081906c358ccc3d5e3c8aea42fdfdfd51c1",
                "sha256:6daac9731f172c2a22ade6ed0c00197ee7cc1221aa84cfdf9c31defeb059a907",
                "sha256:715ff2f2df46121071622063fc7543d9b1fd19ebfc4f5c8895af64a77a8c852c",
                "sha256:73d785a950fc82dd2a25897d525d003f6378d1cb23ab305578394694202a58c3",
                "sha256:8c8aaad94455178e3187ab22c8b01a3837f8ee50e09cf31f1ba129eb293ec30b",
                "sha256:8ce678dbaf790dbdb3eba24056d5364fb45944f33553dd5869b7580cdbb83614",
                "sha256:aaee9905aee35ba5905cfb3c62f3e83b3bec7b39413f0a7f19be4e547ea01ebb",
                "sha256:bcd3b13b56ea479b3650b82cabd6b5343a625b0ced5429e4ccad28a8973f301b",
                "sha256:c9e348e02e4d2b4a8b2eedb48210430658df6951fa484e59de33ff773fbd4b41",
                "sha256:d205b1b46085271b4e15f670058ce182bd1199e56b317bf2ec004b6a44f911f6",
                "sha256:d43943ef777f9a1c42bf4e552ba23ac77a6351de620aa9acf64ad54933ad4d34",
                "sha256:d5d33e9e7af3b34a40dc05f498939f0ebf187f07c385fd58d591c533ad8562fe",
                "sha256:fc0fea399acb12edbf8a628ba8d2312f583bdbdb3335635db062fa98cf71fca4",
                "sha256:fe460b922ec15dd205595c9b5b99e2f056fd98ae8f9f56b888e7a17dc2b757e7"
            ],
            "markers": "implementation_name == 'cpython' and python_version < '3.8'",
            "version": "==1.4.1"
        },
        "wcwidth": {
            "hashes": [
                "sha256:beb4802a9cebb9144e99086eff703a642a13d6a0052920003a230f3294bbe784",
                "sha256:c4d647b99872929fdb7bdcaa4fbe7f01413ed3d98077df798530e5b04f116c83"
            ],
            "version": "==0.2.5"
        },
        "wrapt": {
            "hashes": [
                "sha256:b62ffa81fb85f4332a4f609cab4ac40709470da05643a082ec1eb88e6d9b97d7"
            ],
            "version": "==1.12.1"
        }
    }
}
